
Microsoft Visual Studio Solution File, Format Version 12.00
# Visual Studio Version 16
VisualStudioVersion = 16.0.29209.62
MinimumVisualStudioVersion = 10.0.40219.1
Project("{FAE04EC0-301F-11D3-BF4B-00C04F79EFBC}") = "ConsoleApp1", "ConsoleApp1\ConsoleApp1.csproj", "{C9B46432-4455-4E86-9655-537746CF1421}"
EndProject
Global
	GlobalSection(SolutionConfigurationPlatforms) = preSolution
		Debug|Any CPU = Debug|Any CPU
		Release|Any CPU = Release|Any CPU
	EndGlobalSection
	GlobalSection(ProjectConfigurationPlatforms) = postSolution
		{C9B46432-4455-4E86-9655-537746CF1421}.Debug|Any CPU.ActiveCfg = Debug|Any CPU
		{C9B46432-4455-4E86-9655-537746CF1421}.Debug|Any CPU.Build.0 = Debug|Any CPU
		{C9B46432-4455-4E86-9655-537746CF1421}.Release|Any CPU.ActiveCfg = Release|Any CPU
		{C9B46432-4455-4E86-9655-537746CF1421}.Release|Any CPU.Build.0 = Release|Any CPU
	EndGlobalSection
	GlobalSection(SolutionProperties) = preSolution
		HideSolutionNode = FALSE
	EndGlobalSection
	GlobalSection(ExtensibilityGlobals) = postSolution
		SolutionGuid = {A174ECE7-C8CD-429A-9756-793F266D32A4}
	EndGlobalSection
EndGlobal
